{
  "requires": true,
  "lockfileVersion": 1,
  "dependencies": {
    "@fortawesome/fontawesome-free": {
      "version": "6.2.1",
      "resolved": "https://registry.npmjs.org/@fortawesome/fontawesome-free/-/fontawesome-free-6.2.1.tgz",
      "integrity": "sha512-viouXhegu/TjkvYQoiRZK3aax69dGXxgEjpvZW81wIJdxm5Fnvp3VVIP4VHKqX4SvFw6qpmkILkD4RJWAdrt7A=="
    },
    "bulma": {
      "version": "0.9.4",
      "resolved": "https://registry.npmjs.org/bulma/-/bulma-0.9.4.tgz",
      "integrity": "sha512-86FlT5+1GrsgKbPLRRY7cGDg8fsJiP/jzTqXXVqiUZZ2aZT8uemEOHlU1CDU+TxklPEZ11HZNNWclRBBecP4CQ=="
    }
  }
}
